name: Handle Unblocked Issues

on:
  issues:
    types: [closed]

jobs:
  # JOB 1: Find the issues
  detect-unblocked:
    runs-on: ubuntu-latest
    outputs:
      # Pass the JSON array to the next job
      matrix: ${{ steps.finder.outputs.issues }}
      found: ${{ steps.finder.outputs.has_issues }}
    steps:
      - name: Checkout
        uses: actions/checkout@v4

      - name: Find Unblocked Issues
        id: finder
        # Point to the local action folder we created in Part 1
        uses: ./.github/actions
        with:
          token: ${{ secrets.ORG_READ_TOKEN || secrets.GITHUB_TOKEN }}

  # JOB 2: Run generic actions for EACH unblocked issue
  process-unblocked-issues:
    needs: detect-unblocked
    if: needs.detect-unblocked.outputs.found == 'true'
    runs-on: ubuntu-latest
    strategy:
      matrix:
        # Parse the JSON array from the previous job
        issue-number: ${{ fromJson(needs.detect-unblocked.outputs.matrix) }}
    steps:
      - name: Log Information
        run: echo "Processing Unblocked Issue #${{ matrix.issue-number }}"

      - name: Label as Ready
        uses: actions/github-script@v7
        with:
          script: |
             await github.rest.issues.addLabels({
               owner: context.repo.owner,
               repo: context.repo.repo,
               issue_number: ${{ matrix.issue-number }},
               labels: ['ready-for-dev']
             });
